// !$*UTF8*$!
{
	archiveVersion = 1;
	classes = {
	};
	objectVersion = 50;
	objects = {

/* Begin PBXBuildFile section */
		6447D28C2835D69A005570BC /* Products.swift in Sources */ = {isa = PBXBuildFile; fileRef = 6447D28B2835D69A005570BC /* Products.swift */; };
		6447D28F2835DF1F005570BC /* String+.swift in Sources */ = {isa = PBXBuildFile; fileRef = 6447D28E2835DF1F005570BC /* String+.swift */; };
		6447D2C12838BC37005570BC /* UIImageView+.swift in Sources */ = {isa = PBXBuildFile; fileRef = 6447D2C02838BC37005570BC /* UIImageView+.swift */; };
		6447D2C32838DE8F005570BC /* LayoutType.swift in Sources */ = {isa = PBXBuildFile; fileRef = 6447D2C22838DE8F005570BC /* LayoutType.swift */; };
		6447D2CB283C8394005570BC /* RegistrationViewCell.swift in Sources */ = {isa = PBXBuildFile; fileRef = 6447D2CA283C8394005570BC /* RegistrationViewCell.swift */; };
		6476B36B283CD3E5006B7F66 /* ProductDetailView.swift in Sources */ = {isa = PBXBuildFile; fileRef = 6476B36A283CD3E5006B7F66 /* ProductDetailView.swift */; };
		64C31DF4282E4034004E5D97 /* StubURLSession.swift in Sources */ = {isa = PBXBuildFile; fileRef = B366BF5A2829F5B200FA90B4 /* StubURLSession.swift */; };
		64C31DF6282E446C004E5D97 /* TestAPI.swift in Sources */ = {isa = PBXBuildFile; fileRef = 64C31DF5282E446C004E5D97 /* TestAPI.swift */; };
		64E900A428292CEA00FD415B /* ProductsList.swift in Sources */ = {isa = PBXBuildFile; fileRef = 64E900A328292CEA00FD415B /* ProductsList.swift */; };
		64E900C0282A2F3D00FD415B /* NetworkManager.swift in Sources */ = {isa = PBXBuildFile; fileRef = 64E900BF282A2F3D00FD415B /* NetworkManager.swift */; };
		64E900C4282AAF7300FD415B /* HTTPMethod.swift in Sources */ = {isa = PBXBuildFile; fileRef = 64E900C3282AAF7300FD415B /* HTTPMethod.swift */; };
		B317DE6D283926BC00C3420C /* Presenter.swift in Sources */ = {isa = PBXBuildFile; fileRef = B317DE6C283926BC00C3420C /* Presenter.swift */; };
		B317DE73283D242700C3420C /* RegistrationViewController.swift in Sources */ = {isa = PBXBuildFile; fileRef = B317DE72283D242700C3420C /* RegistrationViewController.swift */; };
		B32C2BD32832591300381A0E /* ProductListView.swift in Sources */ = {isa = PBXBuildFile; fileRef = B32C2BD22832591300381A0E /* ProductListView.swift */; };
		B32C2BF728327B4000381A0E /* ListCollectionViewCell.swift in Sources */ = {isa = PBXBuildFile; fileRef = B32C2BF628327B4000381A0E /* ListCollectionViewCell.swift */; };
		B34973D6282A0AE0001F9B42 /* URLSessionProtocol.swift in Sources */ = {isa = PBXBuildFile; fileRef = B34973D5282A0AE0001F9B42 /* URLSessionProtocol.swift */; };
		B34973DE282B494D001F9B42 /* OpenMarketTests.swift in Sources */ = {isa = PBXBuildFile; fileRef = B34973DD282B494D001F9B42 /* OpenMarketTests.swift */; };
		B3C4B69328420418009AB73E /* ProductDetailViewController.swift in Sources */ = {isa = PBXBuildFile; fileRef = B3C4B69228420418009AB73E /* ProductDetailViewController.swift */; };
		B3C4B69528420B9C009AB73E /* ProductEditViewController.swift in Sources */ = {isa = PBXBuildFile; fileRef = B3C4B69428420B9C009AB73E /* ProductEditViewController.swift */; };
		B3C4B69728424E63009AB73E /* Drawable.swift in Sources */ = {isa = PBXBuildFile; fileRef = B3C4B69628424E63009AB73E /* Drawable.swift */; };
		B3C4B6B928426893009AB73E /* ProductEditView.swift in Sources */ = {isa = PBXBuildFile; fileRef = B3C4B6B828426893009AB73E /* ProductEditView.swift */; };
		B3C4B6BB284269AC009AB73E /* UIImage+.swift in Sources */ = {isa = PBXBuildFile; fileRef = B3C4B6BA284269AC009AB73E /* UIImage+.swift */; };
		B3C4B6C0284290F1009AB73E /* EndPoint.swift in Sources */ = {isa = PBXBuildFile; fileRef = B3C4B6BF284290F1009AB73E /* EndPoint.swift */; };
		B3C4B6C22842976C009AB73E /* ProductDetail.swift in Sources */ = {isa = PBXBuildFile; fileRef = B3C4B6C12842976C009AB73E /* ProductDetail.swift */; };
		B3C4B6C42842A1FE009AB73E /* EditViewCell.swift in Sources */ = {isa = PBXBuildFile; fileRef = B3C4B6C32842A1FE009AB73E /* EditViewCell.swift */; };
		B3F7D96D28348AA00079ED84 /* GridCollectionViewCell.swift in Sources */ = {isa = PBXBuildFile; fileRef = B3F7D96C28348AA00079ED84 /* GridCollectionViewCell.swift */; };
		B3F7D96F283520C30079ED84 /* CALayer+.swift in Sources */ = {isa = PBXBuildFile; fileRef = B3F7D96E283520C30079ED84 /* CALayer+.swift */; };
		B3F7D9992837674C0079ED84 /* UIStackView+.swift in Sources */ = {isa = PBXBuildFile; fileRef = B3F7D9982837674C0079ED84 /* UIStackView+.swift */; };
		C70FB0FB25BEF61C00C9924E /* AppDelegate.swift in Sources */ = {isa = PBXBuildFile; fileRef = C70FB0FA25BEF61C00C9924E /* AppDelegate.swift */; };
		C70FB0FD25BEF61C00C9924E /* SceneDelegate.swift in Sources */ = {isa = PBXBuildFile; fileRef = C70FB0FC25BEF61C00C9924E /* SceneDelegate.swift */; };
		C70FB0FF25BEF61C00C9924E /* MainViewController.swift in Sources */ = {isa = PBXBuildFile; fileRef = C70FB0FE25BEF61C00C9924E /* MainViewController.swift */; };
		C70FB10425BEF61D00C9924E /* Assets.xcassets in Resources */ = {isa = PBXBuildFile; fileRef = C70FB10325BEF61D00C9924E /* Assets.xcassets */; };
		C70FB10725BEF61D00C9924E /* LaunchScreen.storyboard in Resources */ = {isa = PBXBuildFile; fileRef = C70FB10525BEF61D00C9924E /* LaunchScreen.storyboard */; };
/* End PBXBuildFile section */

/* Begin PBXContainerItemProxy section */
		B34973DF282B494D001F9B42 /* PBXContainerItemProxy */ = {
			isa = PBXContainerItemProxy;
			containerPortal = C70FB0EF25BEF61C00C9924E /* Project object */;
			proxyType = 1;
			remoteGlobalIDString = C70FB0F625BEF61C00C9924E;
			remoteInfo = OpenMarket;
		};
/* End PBXContainerItemProxy section */

/* Begin PBXFileReference section */
		6447D28B2835D69A005570BC /* Products.swift */ = {isa = PBXFileReference; lastKnownFileType = sourcecode.swift; path = Products.swift; sourceTree = "<group>"; };
		6447D28E2835DF1F005570BC /* String+.swift */ = {isa = PBXFileReference; lastKnownFileType = sourcecode.swift; path = "String+.swift"; sourceTree = "<group>"; };
		6447D2C02838BC37005570BC /* UIImageView+.swift */ = {isa = PBXFileReference; lastKnownFileType = sourcecode.swift; path = "UIImageView+.swift"; sourceTree = "<group>"; };
		6447D2C22838DE8F005570BC /* LayoutType.swift */ = {isa = PBXFileReference; lastKnownFileType = sourcecode.swift; path = LayoutType.swift; sourceTree = "<group>"; };
		6447D2CA283C8394005570BC /* RegistrationViewCell.swift */ = {isa = PBXFileReference; lastKnownFileType = sourcecode.swift; path = RegistrationViewCell.swift; sourceTree = "<group>"; };
		6476B36A283CD3E5006B7F66 /* ProductDetailView.swift */ = {isa = PBXFileReference; lastKnownFileType = sourcecode.swift; path = ProductDetailView.swift; sourceTree = "<group>"; };
		64C31DF5282E446C004E5D97 /* TestAPI.swift */ = {isa = PBXFileReference; lastKnownFileType = sourcecode.swift; path = TestAPI.swift; sourceTree = "<group>"; };
		64E900A328292CEA00FD415B /* ProductsList.swift */ = {isa = PBXFileReference; lastKnownFileType = sourcecode.swift; path = ProductsList.swift; sourceTree = "<group>"; };
		64E900BF282A2F3D00FD415B /* NetworkManager.swift */ = {isa = PBXFileReference; lastKnownFileType = sourcecode.swift; path = NetworkManager.swift; sourceTree = "<group>"; };
		64E900C3282AAF7300FD415B /* HTTPMethod.swift */ = {isa = PBXFileReference; lastKnownFileType = sourcecode.swift; path = HTTPMethod.swift; sourceTree = "<group>"; };
		B317DE6C283926BC00C3420C /* Presenter.swift */ = {isa = PBXFileReference; lastKnownFileType = sourcecode.swift; path = Presenter.swift; sourceTree = "<group>"; };
		B317DE72283D242700C3420C /* RegistrationViewController.swift */ = {isa = PBXFileReference; lastKnownFileType = sourcecode.swift; path = RegistrationViewController.swift; sourceTree = "<group>"; };
		B32C2BD22832591300381A0E /* ProductListView.swift */ = {isa = PBXFileReference; lastKnownFileType = sourcecode.swift; path = ProductListView.swift; sourceTree = "<group>"; };
		B32C2BF628327B4000381A0E /* ListCollectionViewCell.swift */ = {isa = PBXFileReference; lastKnownFileType = sourcecode.swift; path = ListCollectionViewCell.swift; sourceTree = "<group>"; };
		B34973D5282A0AE0001F9B42 /* URLSessionProtocol.swift */ = {isa = PBXFileReference; lastKnownFileType = sourcecode.swift; path = URLSessionProtocol.swift; sourceTree = "<group>"; };
		B34973DB282B494D001F9B42 /* OpenMarketTests.xctest */ = {isa = PBXFileReference; explicitFileType = wrapper.cfbundle; includeInIndex = 0; path = OpenMarketTests.xctest; sourceTree = BUILT_PRODUCTS_DIR; };
		B34973DD282B494D001F9B42 /* OpenMarketTests.swift */ = {isa = PBXFileReference; lastKnownFileType = sourcecode.swift; path = OpenMarketTests.swift; sourceTree = "<group>"; };
		B366BF5A2829F5B200FA90B4 /* StubURLSession.swift */ = {isa = PBXFileReference; lastKnownFileType = sourcecode.swift; path = StubURLSession.swift; sourceTree = "<group>"; };
		B3C4B69228420418009AB73E /* ProductDetailViewController.swift */ = {isa = PBXFileReference; lastKnownFileType = sourcecode.swift; name = ProductDetailViewController.swift; path = OpenMarket/View/ProductDetailViewController.swift; sourceTree = SOURCE_ROOT; };
		B3C4B69428420B9C009AB73E /* ProductEditViewController.swift */ = {isa = PBXFileReference; lastKnownFileType = sourcecode.swift; path = ProductEditViewController.swift; sourceTree = "<group>"; };
		B3C4B69628424E63009AB73E /* Drawable.swift */ = {isa = PBXFileReference; lastKnownFileType = sourcecode.swift; path = Drawable.swift; sourceTree = "<group>"; };
		B3C4B6B828426893009AB73E /* ProductEditView.swift */ = {isa = PBXFileReference; lastKnownFileType = sourcecode.swift; path = ProductEditView.swift; sourceTree = "<group>"; };
		B3C4B6BA284269AC009AB73E /* UIImage+.swift */ = {isa = PBXFileReference; lastKnownFileType = sourcecode.swift; path = "UIImage+.swift"; sourceTree = "<group>"; };
		B3C4B6BF284290F1009AB73E /* EndPoint.swift */ = {isa = PBXFileReference; lastKnownFileType = sourcecode.swift; path = EndPoint.swift; sourceTree = "<group>"; };
		B3C4B6C12842976C009AB73E /* ProductDetail.swift */ = {isa = PBXFileReference; lastKnownFileType = sourcecode.swift; path = ProductDetail.swift; sourceTree = "<group>"; };
		B3C4B6C32842A1FE009AB73E /* EditViewCell.swift */ = {isa = PBXFileReference; lastKnownFileType = sourcecode.swift; path = EditViewCell.swift; sourceTree = "<group>"; };
		B3F7D96C28348AA00079ED84 /* GridCollectionViewCell.swift */ = {isa = PBXFileReference; lastKnownFileType = sourcecode.swift; path = GridCollectionViewCell.swift; sourceTree = "<group>"; };
		B3F7D96E283520C30079ED84 /* CALayer+.swift */ = {isa = PBXFileReference; lastKnownFileType = sourcecode.swift; path = "CALayer+.swift"; sourceTree = "<group>"; };
		B3F7D9982837674C0079ED84 /* UIStackView+.swift */ = {isa = PBXFileReference; lastKnownFileType = sourcecode.swift; path = "UIStackView+.swift"; sourceTree = "<group>"; };
		C70FB0F725BEF61C00C9924E /* OpenMarket.app */ = {isa = PBXFileReference; explicitFileType = wrapper.application; includeInIndex = 0; path = OpenMarket.app; sourceTree = BUILT_PRODUCTS_DIR; };
		C70FB0FA25BEF61C00C9924E /* AppDelegate.swift */ = {isa = PBXFileReference; lastKnownFileType = sourcecode.swift; path = AppDelegate.swift; sourceTree = "<group>"; };
		C70FB0FC25BEF61C00C9924E /* SceneDelegate.swift */ = {isa = PBXFileReference; lastKnownFileType = sourcecode.swift; path = SceneDelegate.swift; sourceTree = "<group>"; };
		C70FB0FE25BEF61C00C9924E /* MainViewController.swift */ = {isa = PBXFileReference; lastKnownFileType = sourcecode.swift; path = MainViewController.swift; sourceTree = "<group>"; };
		C70FB10325BEF61D00C9924E /* Assets.xcassets */ = {isa = PBXFileReference; lastKnownFileType = folder.assetcatalog; path = Assets.xcassets; sourceTree = "<group>"; };
		C70FB10625BEF61D00C9924E /* Base */ = {isa = PBXFileReference; lastKnownFileType = file.storyboard; name = Base; path = Base.lproj/LaunchScreen.storyboard; sourceTree = "<group>"; };
		C70FB10825BEF61D00C9924E /* Info.plist */ = {isa = PBXFileReference; lastKnownFileType = text.plist.xml; path = Info.plist; sourceTree = "<group>"; };
/* End PBXFileReference section */

/* Begin PBXFrameworksBuildPhase section */
		B34973D8282B494D001F9B42 /* Frameworks */ = {
			isa = PBXFrameworksBuildPhase;
			buildActionMask = 2147483647;
			files = (
			);
			runOnlyForDeploymentPostprocessing = 0;
		};
		C70FB0F425BEF61C00C9924E /* Frameworks */ = {
			isa = PBXFrameworksBuildPhase;
			buildActionMask = 2147483647;
			files = (
			);
			runOnlyForDeploymentPostprocessing = 0;
		};
/* End PBXFrameworksBuildPhase section */

/* Begin PBXGroup section */
		6447D28D2835DECD005570BC /* Extension */ = {
			isa = PBXGroup;
			children = (
				B3F7D96E283520C30079ED84 /* CALayer+.swift */,
				6447D28E2835DF1F005570BC /* String+.swift */,
				B3F7D9982837674C0079ED84 /* UIStackView+.swift */,
				6447D2C02838BC37005570BC /* UIImageView+.swift */,
				B3C4B6BA284269AC009AB73E /* UIImage+.swift */,
			);
			path = Extension;
			sourceTree = "<group>";
		};
		64C31D85282C02AA004E5D97 /* Application */ = {
			isa = PBXGroup;
			children = (
				C70FB0FA25BEF61C00C9924E /* AppDelegate.swift */,
				C70FB0FC25BEF61C00C9924E /* SceneDelegate.swift */,
			);
			path = Application;
			sourceTree = "<group>";
		};
		64C31D86282C02C8004E5D97 /* View */ = {
			isa = PBXGroup;
			children = (
				C70FB10525BEF61D00C9924E /* LaunchScreen.storyboard */,
				B32C2BD22832591300381A0E /* ProductListView.swift */,
				B32C2BF628327B4000381A0E /* ListCollectionViewCell.swift */,
				B3F7D96C28348AA00079ED84 /* GridCollectionViewCell.swift */,
				6447D2CA283C8394005570BC /* RegistrationViewCell.swift */,
				B3C4B6C32842A1FE009AB73E /* EditViewCell.swift */,
				6476B36A283CD3E5006B7F66 /* ProductDetailView.swift */,
				6447D2C22838DE8F005570BC /* LayoutType.swift */,
			);
			path = View;
			sourceTree = "<group>";
		};
		64C31D87282C02CF004E5D97 /* Controller */ = {
			isa = PBXGroup;
			children = (
				B3C4B69228420418009AB73E /* ProductDetailViewController.swift */,
				B3C4B69428420B9C009AB73E /* ProductEditViewController.swift */,
				C70FB0FE25BEF61C00C9924E /* MainViewController.swift */,
				B317DE72283D242700C3420C /* RegistrationViewController.swift */,
			);
			path = Controller;
			sourceTree = "<group>";
		};
		64C31D88282C02DF004E5D97 /* Model */ = {
			isa = PBXGroup;
			children = (
				64E900A328292CEA00FD415B /* ProductsList.swift */,
				6447D28B2835D69A005570BC /* Products.swift */,
				B3C4B6C12842976C009AB73E /* ProductDetail.swift */,
				B317DE6C283926BC00C3420C /* Presenter.swift */,
			);
			path = Model;
			sourceTree = "<group>";
		};
		64C31D89282C0314004E5D97 /* Network */ = {
			isa = PBXGroup;
			children = (
				B34973D5282A0AE0001F9B42 /* URLSessionProtocol.swift */,
				B3C4B6BF284290F1009AB73E /* EndPoint.swift */,
				64E900BF282A2F3D00FD415B /* NetworkManager.swift */,
				64E900C3282AAF7300FD415B /* HTTPMethod.swift */,
			);
			path = Network;
			sourceTree = "<group>";
		};
		B34973DC282B494D001F9B42 /* OpenMarketTests */ = {
			isa = PBXGroup;
			children = (
				B34973DD282B494D001F9B42 /* OpenMarketTests.swift */,
				B366BF5A2829F5B200FA90B4 /* StubURLSession.swift */,
				64C31DF5282E446C004E5D97 /* TestAPI.swift */,
			);
			path = OpenMarketTests;
			sourceTree = "<group>";
		};
		B3C4B6BC284269EE009AB73E /* Protocol */ = {
			isa = PBXGroup;
			children = (
				B3C4B69628424E63009AB73E /* Drawable.swift */,
			);
			path = Protocol;
			sourceTree = "<group>";
		};
		C70FB0EE25BEF61C00C9924E = {
			isa = PBXGroup;
			children = (
				B3C4B6B828426893009AB73E /* ProductEditView.swift */,
				C70FB0F925BEF61C00C9924E /* OpenMarket */,
				B34973DC282B494D001F9B42 /* OpenMarketTests */,
				C70FB0F825BEF61C00C9924E /* Products */,
			);
			sourceTree = "<group>";
		};
		C70FB0F825BEF61C00C9924E /* Products */ = {
			isa = PBXGroup;
			children = (
				C70FB0F725BEF61C00C9924E /* OpenMarket.app */,
				B34973DB282B494D001F9B42 /* OpenMarketTests.xctest */,
			);
			name = Products;
			sourceTree = "<group>";
		};
		C70FB0F925BEF61C00C9924E /* OpenMarket */ = {
			isa = PBXGroup;
			children = (
				64C31D85282C02AA004E5D97 /* Application */,
				64C31D89282C0314004E5D97 /* Network */,
				64C31D88282C02DF004E5D97 /* Model */,
				64C31D86282C02C8004E5D97 /* View */,
				B3C4B6BC284269EE009AB73E /* Protocol */,
				6447D28D2835DECD005570BC /* Extension */,
				64C31D87282C02CF004E5D97 /* Controller */,
				C70FB10325BEF61D00C9924E /* Assets.xcassets */,
				C70FB10825BEF61D00C9924E /* Info.plist */,
			);
			path = OpenMarket;
			sourceTree = "<group>";
		};
/* End PBXGroup section */

/* Begin PBXNativeTarget section */
		B34973DA282B494D001F9B42 /* OpenMarketTests */ = {
			isa = PBXNativeTarget;
			buildConfigurationList = B34973E1282B494D001F9B42 /* Build configuration list for PBXNativeTarget "OpenMarketTests" */;
			buildPhases = (
				B34973D7282B494D001F9B42 /* Sources */,
				B34973D8282B494D001F9B42 /* Frameworks */,
				B34973D9282B494D001F9B42 /* Resources */,
			);
			buildRules = (
			);
			dependencies = (
				B34973E0282B494D001F9B42 /* PBXTargetDependency */,
			);
			name = OpenMarketTests;
			productName = OpenMarketTests;
			productReference = B34973DB282B494D001F9B42 /* OpenMarketTests.xctest */;
			productType = "com.apple.product-type.bundle.unit-test";
		};
		C70FB0F625BEF61C00C9924E /* OpenMarket */ = {
			isa = PBXNativeTarget;
			buildConfigurationList = C70FB10B25BEF61D00C9924E /* Build configuration list for PBXNativeTarget "OpenMarket" */;
			buildPhases = (
				C70FB0F325BEF61C00C9924E /* Sources */,
				C70FB0F425BEF61C00C9924E /* Frameworks */,
				C70FB0F525BEF61C00C9924E /* Resources */,
			);
			buildRules = (
			);
			dependencies = (
			);
			name = OpenMarket;
			productName = OpenMarket;
			productReference = C70FB0F725BEF61C00C9924E /* OpenMarket.app */;
			productType = "com.apple.product-type.application";
		};
/* End PBXNativeTarget section */

/* Begin PBXProject section */
		C70FB0EF25BEF61C00C9924E /* Project object */ = {
			isa = PBXProject;
			attributes = {
				LastSwiftUpdateCheck = 1320;
				LastUpgradeCheck = 1230;
				TargetAttributes = {
					B34973DA282B494D001F9B42 = {
						CreatedOnToolsVersion = 13.2.1;
						TestTargetID = C70FB0F625BEF61C00C9924E;
					};
					C70FB0F625BEF61C00C9924E = {
						CreatedOnToolsVersion = 12.3;
					};
				};
			};
			buildConfigurationList = C70FB0F225BEF61C00C9924E /* Build configuration list for PBXProject "OpenMarket" */;
			compatibilityVersion = "Xcode 9.3";
			developmentRegion = en;
			hasScannedForEncodings = 0;
			knownRegions = (
				en,
				Base,
			);
			mainGroup = C70FB0EE25BEF61C00C9924E;
			productRefGroup = C70FB0F825BEF61C00C9924E /* Products */;
			projectDirPath = "";
			projectRoot = "";
			targets = (
				C70FB0F625BEF61C00C9924E /* OpenMarket */,
				B34973DA282B494D001F9B42 /* OpenMarketTests */,
			);
		};
/* End PBXProject section */

/* Begin PBXResourcesBuildPhase section */
		B34973D9282B494D001F9B42 /* Resources */ = {
			isa = PBXResourcesBuildPhase;
			buildActionMask = 2147483647;
			files = (
			);
			runOnlyForDeploymentPostprocessing = 0;
		};
		C70FB0F525BEF61C00C9924E /* Resources */ = {
			isa = PBXResourcesBuildPhase;
			buildActionMask = 2147483647;
			files = (
				C70FB10725BEF61D00C9924E /* LaunchScreen.storyboard in Resources */,
				C70FB10425BEF61D00C9924E /* Assets.xcassets in Resources */,
			);
			runOnlyForDeploymentPostprocessing = 0;
		};
/* End PBXResourcesBuildPhase section */

/* Begin PBXSourcesBuildPhase section */
		B34973D7282B494D001F9B42 /* Sources */ = {
			isa = PBXSourcesBuildPhase;
			buildActionMask = 2147483647;
			files = (
				64C31DF4282E4034004E5D97 /* StubURLSession.swift in Sources */,
				B34973DE282B494D001F9B42 /* OpenMarketTests.swift in Sources */,
				64C31DF6282E446C004E5D97 /* TestAPI.swift in Sources */,
			);
			runOnlyForDeploymentPostprocessing = 0;
		};
		C70FB0F325BEF61C00C9924E /* Sources */ = {
			isa = PBXSourcesBuildPhase;
			buildActionMask = 2147483647;
			files = (
				B3C4B6C0284290F1009AB73E /* EndPoint.swift in Sources */,
				C70FB0FF25BEF61C00C9924E /* MainViewController.swift in Sources */,
				64E900A428292CEA00FD415B /* ProductsList.swift in Sources */,
				B3C4B69328420418009AB73E /* ProductDetailViewController.swift in Sources */,
				B317DE73283D242700C3420C /* RegistrationViewController.swift in Sources */,
				B3C4B69528420B9C009AB73E /* ProductEditViewController.swift in Sources */,
				6447D2C12838BC37005570BC /* UIImageView+.swift in Sources */,
				B317DE6D283926BC00C3420C /* Presenter.swift in Sources */,
				B32C2BF728327B4000381A0E /* ListCollectionViewCell.swift in Sources */,
				64E900C4282AAF7300FD415B /* HTTPMethod.swift in Sources */,
				B3F7D96D28348AA00079ED84 /* GridCollectionViewCell.swift in Sources */,
				6476B36B283CD3E5006B7F66 /* ProductDetailView.swift in Sources */,
				B34973D6282A0AE0001F9B42 /* URLSessionProtocol.swift in Sources */,
				64E900C0282A2F3D00FD415B /* NetworkManager.swift in Sources */,
				B3F7D9992837674C0079ED84 /* UIStackView+.swift in Sources */,
				C70FB0FB25BEF61C00C9924E /* AppDelegate.swift in Sources */,
				B32C2BD32832591300381A0E /* ProductListView.swift in Sources */,
				6447D2C32838DE8F005570BC /* LayoutType.swift in Sources */,
				B3C4B6C42842A1FE009AB73E /* EditViewCell.swift in Sources */,
				B3C4B6BB284269AC009AB73E /* UIImage+.swift in Sources */,
				B3C4B69728424E63009AB73E /* Drawable.swift in Sources */,
				B3C4B6C22842976C009AB73E /* ProductDetail.swift in Sources */,
				B3C4B6B928426893009AB73E /* ProductEditView.swift in Sources */,
				6447D28C2835D69A005570BC /* Products.swift in Sources */,
				6447D28F2835DF1F005570BC /* String+.swift in Sources */,
				B3F7D96F283520C30079ED84 /* CALayer+.swift in Sources */,
				C70FB0FD25BEF61C00C9924E /* SceneDelegate.swift in Sources */,
				6447D2CB283C8394005570BC /* RegistrationViewCell.swift in Sources */,
			);
			runOnlyForDeploymentPostprocessing = 0;
		};
/* End PBXSourcesBuildPhase section */

/* Begin PBXTargetDependency section */
		B34973E0282B494D001F9B42 /* PBXTargetDependency */ = {
			isa = PBXTargetDependency;
			target = C70FB0F625BEF61C00C9924E /* OpenMarket */;
			targetProxy = B34973DF282B494D001F9B42 /* PBXContainerItemProxy */;
		};
/* End PBXTargetDependency section */

/* Begin PBXVariantGroup section */
		C70FB10525BEF61D00C9924E /* LaunchScreen.storyboard */ = {
			isa = PBXVariantGroup;
			children = (
				C70FB10625BEF61D00C9924E /* Base */,
			);
			name = LaunchScreen.storyboard;
			sourceTree = "<group>";
		};
/* End PBXVariantGroup section */

/* Begin XCBuildConfiguration section */
		B34973E2282B494D001F9B42 /* Debug */ = {
			isa = XCBuildConfiguration;
			buildSettings = {
				BUNDLE_LOADER = "$(TEST_HOST)";
				CLANG_CXX_LANGUAGE_STANDARD = "gnu++17";
				CODE_SIGN_STYLE = Automatic;
				CURRENT_PROJECT_VERSION = 1;
				GENERATE_INFOPLIST_FILE = YES;
				IPHONEOS_DEPLOYMENT_TARGET = 15.2;
				MARKETING_VERSION = 1.0;
				PRODUCT_BUNDLE_IDENTIFIER = com.marisol.OpenMarketTests;
				PRODUCT_NAME = "$(TARGET_NAME)";
				SWIFT_EMIT_LOC_STRINGS = NO;
				SWIFT_VERSION = 5.0;
				TARGETED_DEVICE_FAMILY = "1,2";
				TEST_HOST = "$(BUILT_PRODUCTS_DIR)/OpenMarket.app/OpenMarket";
			};
			name = Debug;
		};
		B34973E3282B494D001F9B42 /* Release */ = {
			isa = XCBuildConfiguration;
			buildSettings = {
				BUNDLE_LOADER = "$(TEST_HOST)";
				CLANG_CXX_LANGUAGE_STANDARD = "gnu++17";
				CODE_SIGN_STYLE = Automatic;
				CURRENT_PROJECT_VERSION = 1;
				GENERATE_INFOPLIST_FILE = YES;
				IPHONEOS_DEPLOYMENT_TARGET = 15.2;
				MARKETING_VERSION = 1.0;
				PRODUCT_BUNDLE_IDENTIFIER = com.marisol.OpenMarketTests;
				PRODUCT_NAME = "$(TARGET_NAME)";
				SWIFT_EMIT_LOC_STRINGS = NO;
				SWIFT_VERSION = 5.0;
				TARGETED_DEVICE_FAMILY = "1,2";
				TEST_HOST = "$(BUILT_PRODUCTS_DIR)/OpenMarket.app/OpenMarket";
			};
			name = Release;
		};
		C70FB10925BEF61D00C9924E /* Debug */ = {
			isa = XCBuildConfiguration;
			buildSettings = {
				ALWAYS_SEARCH_USER_PATHS = NO;
				CLANG_ANALYZER_NONNULL = YES;
				CLANG_ANALYZER_NUMBER_OBJECT_CONVERSION = YES_AGGRESSIVE;
				CLANG_CXX_LANGUAGE_STANDARD = "gnu++14";
				CLANG_CXX_LIBRARY = "libc++";
				CLANG_ENABLE_MODULES = YES;
				CLANG_ENABLE_OBJC_ARC = YES;
				CLANG_ENABLE_OBJC_WEAK = YES;
				CLANG_WARN_BLOCK_CAPTURE_AUTORELEASING = YES;
				CLANG_WARN_BOOL_CONVERSION = YES;
				CLANG_WARN_COMMA = YES;
				CLANG_WARN_CONSTANT_CONVERSION = YES;
				CLANG_WARN_DEPRECATED_OBJC_IMPLEMENTATIONS = YES;
				CLANG_WARN_DIRECT_OBJC_ISA_USAGE = YES_ERROR;
				CLANG_WARN_DOCUMENTATION_COMMENTS = YES;
				CLANG_WARN_EMPTY_BODY = YES;
				CLANG_WARN_ENUM_CONVERSION = YES;
				CLANG_WARN_INFINITE_RECURSION = YES;
				CLANG_WARN_INT_CONVERSION = YES;
				CLANG_WARN_NON_LITERAL_NULL_CONVERSION = YES;
				CLANG_WARN_OBJC_IMPLICIT_RETAIN_SELF = YES;
				CLANG_WARN_OBJC_LITERAL_CONVERSION = YES;
				CLANG_WARN_OBJC_ROOT_CLASS = YES_ERROR;
				CLANG_WARN_QUOTED_INCLUDE_IN_FRAMEWORK_HEADER = YES;
				CLANG_WARN_RANGE_LOOP_ANALYSIS = YES;
				CLANG_WARN_STRICT_PROTOTYPES = YES;
				CLANG_WARN_SUSPICIOUS_MOVE = YES;
				CLANG_WARN_UNGUARDED_AVAILABILITY = YES_AGGRESSIVE;
				CLANG_WARN_UNREACHABLE_CODE = YES;
				CLANG_WARN__DUPLICATE_METHOD_MATCH = YES;
				COPY_PHASE_STRIP = NO;
				DEBUG_INFORMATION_FORMAT = dwarf;
				ENABLE_STRICT_OBJC_MSGSEND = YES;
				ENABLE_TESTABILITY = YES;
				GCC_C_LANGUAGE_STANDARD = gnu11;
				GCC_DYNAMIC_NO_PIC = NO;
				GCC_NO_COMMON_BLOCKS = YES;
				GCC_OPTIMIZATION_LEVEL = 0;
				GCC_PREPROCESSOR_DEFINITIONS = (
					"DEBUG=1",
					"$(inherited)",
				);
				GCC_WARN_64_TO_32_BIT_CONVERSION = YES;
				GCC_WARN_ABOUT_RETURN_TYPE = YES_ERROR;
				GCC_WARN_UNDECLARED_SELECTOR = YES;
				GCC_WARN_UNINITIALIZED_AUTOS = YES_AGGRESSIVE;
				GCC_WARN_UNUSED_FUNCTION = YES;
				GCC_WARN_UNUSED_VARIABLE = YES;
				IPHONEOS_DEPLOYMENT_TARGET = 13.2;
				MTL_ENABLE_DEBUG_INFO = INCLUDE_SOURCE;
				MTL_FAST_MATH = YES;
				ONLY_ACTIVE_ARCH = YES;
				SDKROOT = iphoneos;
				SWIFT_ACTIVE_COMPILATION_CONDITIONS = DEBUG;
				SWIFT_OPTIMIZATION_LEVEL = "-Onone";
			};
			name = Debug;
		};
		C70FB10A25BEF61D00C9924E /* Release */ = {
			isa = XCBuildConfiguration;
			buildSettings = {
				ALWAYS_SEARCH_USER_PATHS = NO;
				CLANG_ANALYZER_NONNULL = YES;
				CLANG_ANALYZER_NUMBER_OBJECT_CONVERSION = YES_AGGRESSIVE;
				CLANG_CXX_LANGUAGE_STANDARD = "gnu++14";
				CLANG_CXX_LIBRARY = "libc++";
				CLANG_ENABLE_MODULES = YES;
				CLANG_ENABLE_OBJC_ARC = YES;
				CLANG_ENABLE_OBJC_WEAK = YES;
				CLANG_WARN_BLOCK_CAPTURE_AUTORELEASING = YES;
				CLANG_WARN_BOOL_CONVERSION = YES;
				CLANG_WARN_COMMA = YES;
				CLANG_WARN_CONSTANT_CONVERSION = YES;
				CLANG_WARN_DEPRECATED_OBJC_IMPLEMENTATIONS = YES;
				CLANG_WARN_DIRECT_OBJC_ISA_USAGE = YES_ERROR;
				CLANG_WARN_DOCUMENTATION_COMMENTS = YES;
				CLANG_WARN_EMPTY_BODY = YES;
				CLANG_WARN_ENUM_CONVERSION = YES;
				CLANG_WARN_INFINITE_RECURSION = YES;
				CLANG_WARN_INT_CONVERSION = YES;
				CLANG_WARN_NON_LITERAL_NULL_CONVERSION = YES;
				CLANG_WARN_OBJC_IMPLICIT_RETAIN_SELF = YES;
				CLANG_WARN_OBJC_LITERAL_CONVERSION = YES;
				CLANG_WARN_OBJC_ROOT_CLASS = YES_ERROR;
				CLANG_WARN_QUOTED_INCLUDE_IN_FRAMEWORK_HEADER = YES;
				CLANG_WARN_RANGE_LOOP_ANALYSIS = YES;
				CLANG_WARN_STRICT_PROTOTYPES = YES;
				CLANG_WARN_SUSPICIOUS_MOVE = YES;
				CLANG_WARN_UNGUARDED_AVAILABILITY = YES_AGGRESSIVE;
				CLANG_WARN_UNREACHABLE_CODE = YES;
				CLANG_WARN__DUPLICATE_METHOD_MATCH = YES;
				COPY_PHASE_STRIP = NO;
				DEBUG_INFORMATION_FORMAT = "dwarf-with-dsym";
				ENABLE_NS_ASSERTIONS = NO;
				ENABLE_STRICT_OBJC_MSGSEND = YES;
				GCC_C_LANGUAGE_STANDARD = gnu11;
				GCC_NO_COMMON_BLOCKS = YES;
				GCC_WARN_64_TO_32_BIT_CONVERSION = YES;
				GCC_WARN_ABOUT_RETURN_TYPE = YES_ERROR;
				GCC_WARN_UNDECLARED_SELECTOR = YES;
				GCC_WARN_UNINITIALIZED_AUTOS = YES_AGGRESSIVE;
				GCC_WARN_UNUSED_FUNCTION = YES;
				GCC_WARN_UNUSED_VARIABLE = YES;
				IPHONEOS_DEPLOYMENT_TARGET = 13.2;
				MTL_ENABLE_DEBUG_INFO = NO;
				MTL_FAST_MATH = YES;
				SDKROOT = iphoneos;
				SWIFT_COMPILATION_MODE = wholemodule;
				SWIFT_OPTIMIZATION_LEVEL = "-O";
				VALIDATE_PRODUCT = YES;
			};
			name = Release;
		};
		C70FB10C25BEF61D00C9924E /* Debug */ = {
			isa = XCBuildConfiguration;
			buildSettings = {
				ASSETCATALOG_COMPILER_APPICON_NAME = AppIcon;
				ASSETCATALOG_COMPILER_GLOBAL_ACCENT_COLOR_NAME = AccentColor;
				CODE_SIGN_STYLE = Automatic;
				INFOPLIST_FILE = OpenMarket/Info.plist;
				IPHONEOS_DEPLOYMENT_TARGET = 13.2;
				LD_RUNPATH_SEARCH_PATHS = (
					"$(inherited)",
					"@executable_path/Frameworks",
				);
				PRODUCT_BUNDLE_IDENTIFIER = net.yagom.OpenMarket;
				PRODUCT_NAME = "$(TARGET_NAME)";
				SWIFT_VERSION = 5.0;
				TARGETED_DEVICE_FAMILY = "1,2";
			};
			name = Debug;
		};
		C70FB10D25BEF61D00C9924E /* Release */ = {
			isa = XCBuildConfiguration;
			buildSettings = {
				ASSETCATALOG_COMPILER_APPICON_NAME = AppIcon;
				ASSETCATALOG_COMPILER_GLOBAL_ACCENT_COLOR_NAME = AccentColor;
				CODE_SIGN_STYLE = Automatic;
				INFOPLIST_FILE = OpenMarket/Info.plist;
				IPHONEOS_DEPLOYMENT_TARGET = 13.2;
				LD_RUNPATH_SEARCH_PATHS = (
					"$(inherited)",
					"@executable_path/Frameworks",
				);
				PRODUCT_BUNDLE_IDENTIFIER = net.yagom.OpenMarket;
				PRODUCT_NAME = "$(TARGET_NAME)";
				SWIFT_VERSION = 5.0;
				TARGETED_DEVICE_FAMILY = "1,2";
			};
			name = Release;
		};
/* End XCBuildConfiguration section */

/* Begin XCConfigurationList section */
		B34973E1282B494D001F9B42 /* Build configuration list for PBXNativeTarget "OpenMarketTests" */ = {
			isa = XCConfigurationList;
			buildConfigurations = (
				B34973E2282B494D001F9B42 /* Debug */,
				B34973E3282B494D001F9B42 /* Release */,
			);
			defaultConfigurationIsVisible = 0;
			defaultConfigurationName = Release;
		};
		C70FB0F225BEF61C00C9924E /* Build configuration list for PBXProject "OpenMarket" */ = {
			isa = XCConfigurationList;
			buildConfigurations = (
				C70FB10925BEF61D00C9924E /* Debug */,
				C70FB10A25BEF61D00C9924E /* Release */,
			);
			defaultConfigurationIsVisible = 0;
			defaultConfigurationName = Release;
		};
		C70FB10B25BEF61D00C9924E /* Build configuration list for PBXNativeTarget "OpenMarket" */ = {
			isa = XCConfigurationList;
			buildConfigurations = (
				C70FB10C25BEF61D00C9924E /* Debug */,
				C70FB10D25BEF61D00C9924E /* Release */,
			);
			defaultConfigurationIsVisible = 0;
			defaultConfigurationName = Release;
		};
/* End XCConfigurationList section */
	};
	rootObject = C70FB0EF25BEF61C00C9924E /* Project object */;
}
