// !$*UTF8*$!
{
	archiveVersion = 1;
	classes = {
	};
	objectVersion = 50;
	objects = {

/* Begin PBXBuildFile section */
		18509BFA2924B90100C6B9AC /* NetworkManager.swift in Sources */ = {isa = PBXBuildFile; fileRef = 18509BF92924B90100C6B9AC /* NetworkManager.swift */; };
		185EA4D7292DE652004B4545 /* ProductItemCellContent.swift in Sources */ = {isa = PBXBuildFile; fileRef = 185EA4D6292DE652004B4545 /* ProductItemCellContent.swift */; };
		189123822939E1DD00FD5690 /* PostParameter.swift in Sources */ = {isa = PBXBuildFile; fileRef = 189123812939E1DD00FD5690 /* PostParameter.swift */; };
		189123842939E20700FD5690 /* NSMutableData +.swift in Sources */ = {isa = PBXBuildFile; fileRef = 189123832939E20700FD5690 /* NSMutableData +.swift */; };
		189123862939E27A00FD5690 /* HTTPMethod.swift in Sources */ = {isa = PBXBuildFile; fileRef = 189123852939E27A00FD5690 /* HTTPMethod.swift */; };
		189123882939E28800FD5690 /* HTTPBody.swift in Sources */ = {isa = PBXBuildFile; fileRef = 189123872939E28700FD5690 /* HTTPBody.swift */; };
		1898192A293A371C000E43DC /* RegisterCollectionImageCell.swift in Sources */ = {isa = PBXBuildFile; fileRef = 18981929293A371C000E43DC /* RegisterCollectionImageCell.swift */; };
		18E3B685292B6C2C00B25B84 /* Mockable+.swift in Sources */ = {isa = PBXBuildFile; fileRef = 18E3B684292B6C2C00B25B84 /* Mockable+.swift */; };
		18E853C32925EF8B00EDCE2A /* Dictionary+.swift in Sources */ = {isa = PBXBuildFile; fileRef = 18E853C22925EF8B00EDCE2A /* Dictionary+.swift */; };
		18E853C72925EFE200EDCE2A /* APIType.swift in Sources */ = {isa = PBXBuildFile; fileRef = 18E853C62925EFE200EDCE2A /* APIType.swift */; };
		18E853CA2925F01800EDCE2A /* OpenMarketAPI.swift in Sources */ = {isa = PBXBuildFile; fileRef = 18E853C92925F01800EDCE2A /* OpenMarketAPI.swift */; };
		18E853CD2925F10800EDCE2A /* NetworkError.swift in Sources */ = {isa = PBXBuildFile; fileRef = 18E853CC2925F10800EDCE2A /* NetworkError.swift */; };
		18F503F92940664200BD444F /* UIImage.swift in Sources */ = {isa = PBXBuildFile; fileRef = 18F503F82940664200BD444F /* UIImage.swift */; };
		18F503FB294066D900BD444F /* HttpBodyConvertible.swift in Sources */ = {isa = PBXBuildFile; fileRef = 18F503FA294066D900BD444F /* HttpBodyConvertible.swift */; };
		18F503FD2940848400BD444F /* RegisterProductChecker.swift in Sources */ = {isa = PBXBuildFile; fileRef = 18F503FC2940848400BD444F /* RegisterProductChecker.swift */; };
		18F50402294085A900BD444F /* RegisterError.swift in Sources */ = {isa = PBXBuildFile; fileRef = 18F50401294085A900BD444F /* RegisterError.swift */; };
		C70FB0FB25BEF61C00C9924E /* AppDelegate.swift in Sources */ = {isa = PBXBuildFile; fileRef = C70FB0FA25BEF61C00C9924E /* AppDelegate.swift */; };
		C70FB0FD25BEF61C00C9924E /* SceneDelegate.swift in Sources */ = {isa = PBXBuildFile; fileRef = C70FB0FC25BEF61C00C9924E /* SceneDelegate.swift */; };
		C70FB0FF25BEF61C00C9924E /* ProductsViewController.swift in Sources */ = {isa = PBXBuildFile; fileRef = C70FB0FE25BEF61C00C9924E /* ProductsViewController.swift */; };
		C70FB10425BEF61D00C9924E /* Assets.xcassets in Resources */ = {isa = PBXBuildFile; fileRef = C70FB10325BEF61D00C9924E /* Assets.xcassets */; };
		C70FB10725BEF61D00C9924E /* LaunchScreen.storyboard in Resources */ = {isa = PBXBuildFile; fileRef = C70FB10525BEF61D00C9924E /* LaunchScreen.storyboard */; };
		F6833684292733C900ADB02B /* URLSessionProtocol.swift in Sources */ = {isa = PBXBuildFile; fileRef = F6833683292733C900ADB02B /* URLSessionProtocol.swift */; };
		F6833686292733E800ADB02B /* StubURLSession.swift in Sources */ = {isa = PBXBuildFile; fileRef = F6833685292733E800ADB02B /* StubURLSession.swift */; };
		F683945B29223B91001BCCBC /* ProductListResponse.swift in Sources */ = {isa = PBXBuildFile; fileRef = F683945A29223B91001BCCBC /* ProductListResponse.swift */; };
		F683945D29223D14001BCCBC /* Product.swift in Sources */ = {isa = PBXBuildFile; fileRef = F683945C29223D14001BCCBC /* Product.swift */; };
		F683946129223E11001BCCBC /* Currency.swift in Sources */ = {isa = PBXBuildFile; fileRef = F683946029223E11001BCCBC /* Currency.swift */; };
		FC9A12A12939D606004A4C7E /* RegisterProductViewController.swift in Sources */ = {isa = PBXBuildFile; fileRef = FC9A12A02939D606004A4C7E /* RegisterProductViewController.swift */; };
		FCBEE6302934C517005D74F7 /* ProductListItemCell.swift in Sources */ = {isa = PBXBuildFile; fileRef = FCBEE62F2934C517005D74F7 /* ProductListItemCell.swift */; };
		FCBEE6322934C547005D74F7 /* ProductGridItemCell.swift in Sources */ = {isa = PBXBuildFile; fileRef = FCBEE6312934C547005D74F7 /* ProductGridItemCell.swift */; };
		FCE0E0102940885E00CBB800 /* UITextField.swift in Sources */ = {isa = PBXBuildFile; fileRef = FCE0E00F2940885E00CBB800 /* UITextField.swift */; };
		FCE0E01229408DE900CBB800 /* UITextView.swift in Sources */ = {isa = PBXBuildFile; fileRef = FCE0E01129408DE900CBB800 /* UITextView.swift */; };
		FCE0E0142940904600CBB800 /* UIStackView.swift in Sources */ = {isa = PBXBuildFile; fileRef = FCE0E0132940904600CBB800 /* UIStackView.swift */; };
		FCE9056129236CAE0031F857 /* NetworkUnitTest.swift in Sources */ = {isa = PBXBuildFile; fileRef = FCE9056029236CAE0031F857 /* NetworkUnitTest.swift */; };
/* End PBXBuildFile section */

/* Begin PBXContainerItemProxy section */
		FCE9056229236CAE0031F857 /* PBXContainerItemProxy */ = {
			isa = PBXContainerItemProxy;
			containerPortal = C70FB0EF25BEF61C00C9924E /* Project object */;
			proxyType = 1;
			remoteGlobalIDString = C70FB0F625BEF61C00C9924E;
			remoteInfo = OpenMarket;
		};
/* End PBXContainerItemProxy section */

/* Begin PBXFileReference section */
		18509BF92924B90100C6B9AC /* NetworkManager.swift */ = {isa = PBXFileReference; lastKnownFileType = sourcecode.swift; path = NetworkManager.swift; sourceTree = "<group>"; };
		185EA4D6292DE652004B4545 /* ProductItemCellContent.swift */ = {isa = PBXFileReference; lastKnownFileType = sourcecode.swift; path = ProductItemCellContent.swift; sourceTree = "<group>"; };
		189123812939E1DD00FD5690 /* PostParameter.swift */ = {isa = PBXFileReference; lastKnownFileType = sourcecode.swift; path = PostParameter.swift; sourceTree = "<group>"; };
		189123832939E20700FD5690 /* NSMutableData +.swift */ = {isa = PBXFileReference; lastKnownFileType = sourcecode.swift; path = "NSMutableData +.swift"; sourceTree = "<group>"; };
		189123852939E27A00FD5690 /* HTTPMethod.swift */ = {isa = PBXFileReference; lastKnownFileType = sourcecode.swift; path = HTTPMethod.swift; sourceTree = "<group>"; };
		189123872939E28700FD5690 /* HTTPBody.swift */ = {isa = PBXFileReference; lastKnownFileType = sourcecode.swift; path = HTTPBody.swift; sourceTree = "<group>"; };
		18981929293A371C000E43DC /* RegisterCollectionImageCell.swift */ = {isa = PBXFileReference; lastKnownFileType = sourcecode.swift; path = RegisterCollectionImageCell.swift; sourceTree = "<group>"; };
		18E3B684292B6C2C00B25B84 /* Mockable+.swift */ = {isa = PBXFileReference; lastKnownFileType = sourcecode.swift; path = "Mockable+.swift"; sourceTree = "<group>"; };
		18E853C22925EF8B00EDCE2A /* Dictionary+.swift */ = {isa = PBXFileReference; lastKnownFileType = sourcecode.swift; path = "Dictionary+.swift"; sourceTree = "<group>"; };
		18E853C62925EFE200EDCE2A /* APIType.swift */ = {isa = PBXFileReference; lastKnownFileType = sourcecode.swift; path = APIType.swift; sourceTree = "<group>"; };
		18E853C92925F01800EDCE2A /* OpenMarketAPI.swift */ = {isa = PBXFileReference; lastKnownFileType = sourcecode.swift; path = OpenMarketAPI.swift; sourceTree = "<group>"; };
		18E853CC2925F10800EDCE2A /* NetworkError.swift */ = {isa = PBXFileReference; lastKnownFileType = sourcecode.swift; path = NetworkError.swift; sourceTree = "<group>"; };
		18F503F82940664200BD444F /* UIImage.swift */ = {isa = PBXFileReference; lastKnownFileType = sourcecode.swift; path = UIImage.swift; sourceTree = "<group>"; };
		18F503FA294066D900BD444F /* HttpBodyConvertible.swift */ = {isa = PBXFileReference; lastKnownFileType = sourcecode.swift; path = HttpBodyConvertible.swift; sourceTree = "<group>"; };
		18F503FC2940848400BD444F /* RegisterProductChecker.swift */ = {isa = PBXFileReference; lastKnownFileType = sourcecode.swift; path = RegisterProductChecker.swift; sourceTree = "<group>"; };
		18F50401294085A900BD444F /* RegisterError.swift */ = {isa = PBXFileReference; lastKnownFileType = sourcecode.swift; path = RegisterError.swift; sourceTree = "<group>"; };
		C70FB0F725BEF61C00C9924E /* OpenMarket.app */ = {isa = PBXFileReference; explicitFileType = wrapper.application; includeInIndex = 0; path = OpenMarket.app; sourceTree = BUILT_PRODUCTS_DIR; };
		C70FB0FA25BEF61C00C9924E /* AppDelegate.swift */ = {isa = PBXFileReference; lastKnownFileType = sourcecode.swift; path = AppDelegate.swift; sourceTree = "<group>"; };
		C70FB0FC25BEF61C00C9924E /* SceneDelegate.swift */ = {isa = PBXFileReference; lastKnownFileType = sourcecode.swift; path = SceneDelegate.swift; sourceTree = "<group>"; };
		C70FB0FE25BEF61C00C9924E /* ProductsViewController.swift */ = {isa = PBXFileReference; lastKnownFileType = sourcecode.swift; path = ProductsViewController.swift; sourceTree = "<group>"; };
		C70FB10325BEF61D00C9924E /* Assets.xcassets */ = {isa = PBXFileReference; lastKnownFileType = folder.assetcatalog; path = Assets.xcassets; sourceTree = "<group>"; };
		C70FB10625BEF61D00C9924E /* Base */ = {isa = PBXFileReference; lastKnownFileType = file.storyboard; name = Base; path = Base.lproj/LaunchScreen.storyboard; sourceTree = "<group>"; };
		C70FB10825BEF61D00C9924E /* Info.plist */ = {isa = PBXFileReference; lastKnownFileType = text.plist.xml; path = Info.plist; sourceTree = "<group>"; };
		F6833683292733C900ADB02B /* URLSessionProtocol.swift */ = {isa = PBXFileReference; lastKnownFileType = sourcecode.swift; path = URLSessionProtocol.swift; sourceTree = "<group>"; };
		F6833685292733E800ADB02B /* StubURLSession.swift */ = {isa = PBXFileReference; lastKnownFileType = sourcecode.swift; path = StubURLSession.swift; sourceTree = "<group>"; };
		F683945A29223B91001BCCBC /* ProductListResponse.swift */ = {isa = PBXFileReference; lastKnownFileType = sourcecode.swift; path = ProductListResponse.swift; sourceTree = "<group>"; };
		F683945C29223D14001BCCBC /* Product.swift */ = {isa = PBXFileReference; lastKnownFileType = sourcecode.swift; path = Product.swift; sourceTree = "<group>"; };
		F683946029223E11001BCCBC /* Currency.swift */ = {isa = PBXFileReference; lastKnownFileType = sourcecode.swift; path = Currency.swift; sourceTree = "<group>"; };
		FC9A12A02939D606004A4C7E /* RegisterProductViewController.swift */ = {isa = PBXFileReference; lastKnownFileType = sourcecode.swift; path = RegisterProductViewController.swift; sourceTree = "<group>"; };
		FCBEE62F2934C517005D74F7 /* ProductListItemCell.swift */ = {isa = PBXFileReference; lastKnownFileType = sourcecode.swift; path = ProductListItemCell.swift; sourceTree = "<group>"; };
		FCBEE6312934C547005D74F7 /* ProductGridItemCell.swift */ = {isa = PBXFileReference; lastKnownFileType = sourcecode.swift; path = ProductGridItemCell.swift; sourceTree = "<group>"; };
		FCE0E00F2940885E00CBB800 /* UITextField.swift */ = {isa = PBXFileReference; lastKnownFileType = sourcecode.swift; path = UITextField.swift; sourceTree = "<group>"; };
		FCE0E01129408DE900CBB800 /* UITextView.swift */ = {isa = PBXFileReference; lastKnownFileType = sourcecode.swift; path = UITextView.swift; sourceTree = "<group>"; };
		FCE0E0132940904600CBB800 /* UIStackView.swift */ = {isa = PBXFileReference; lastKnownFileType = sourcecode.swift; path = UIStackView.swift; sourceTree = "<group>"; };
		FCE9055E29236CAE0031F857 /* NetworkUnitTest.xctest */ = {isa = PBXFileReference; explicitFileType = wrapper.cfbundle; includeInIndex = 0; path = NetworkUnitTest.xctest; sourceTree = BUILT_PRODUCTS_DIR; };
		FCE9056029236CAE0031F857 /* NetworkUnitTest.swift */ = {isa = PBXFileReference; lastKnownFileType = sourcecode.swift; path = NetworkUnitTest.swift; sourceTree = "<group>"; };
/* End PBXFileReference section */

/* Begin PBXFrameworksBuildPhase section */
		C70FB0F425BEF61C00C9924E /* Frameworks */ = {
			isa = PBXFrameworksBuildPhase;
			buildActionMask = 2147483647;
			files = (
			);
			runOnlyForDeploymentPostprocessing = 0;
		};
		FCE9055B29236CAE0031F857 /* Frameworks */ = {
			isa = PBXFrameworksBuildPhase;
			buildActionMask = 2147483647;
			files = (
			);
			runOnlyForDeploymentPostprocessing = 0;
		};
/* End PBXFrameworksBuildPhase section */

/* Begin PBXGroup section */
		184E91422937A026000BD0EE /* Cells */ = {
			isa = PBXGroup;
			children = (
				FCBEE62F2934C517005D74F7 /* ProductListItemCell.swift */,
				FCBEE6312934C547005D74F7 /* ProductGridItemCell.swift */,
			);
			path = Cells;
			sourceTree = "<group>";
		};
		185EA4D5292DE640004B4545 /* ProductCollectionView */ = {
			isa = PBXGroup;
			children = (
				184E91422937A026000BD0EE /* Cells */,
				185EA4D6292DE652004B4545 /* ProductItemCellContent.swift */,
			);
			path = ProductCollectionView;
			sourceTree = "<group>";
		};
		189123802939E1D300FD5690 /* Common */ = {
			isa = PBXGroup;
			children = (
				189123812939E1DD00FD5690 /* PostParameter.swift */,
				189123852939E27A00FD5690 /* HTTPMethod.swift */,
				189123872939E28700FD5690 /* HTTPBody.swift */,
				F6833682292733B200ADB02B /* TestDouble */,
			);
			path = Common;
			sourceTree = "<group>";
		};
		18981928293A3705000E43DC /* RegisterProductCollectionView */ = {
			isa = PBXGroup;
			children = (
				18981929293A371C000E43DC /* RegisterCollectionImageCell.swift */,
			);
			path = RegisterProductCollectionView;
			sourceTree = "<group>";
		};
		18E853BB2925EEDA00EDCE2A /* Source */ = {
			isa = PBXGroup;
			children = (
				C70FB0FA25BEF61C00C9924E /* AppDelegate.swift */,
				C70FB0FC25BEF61C00C9924E /* SceneDelegate.swift */,
				C70FB10325BEF61D00C9924E /* Assets.xcassets */,
				C70FB10525BEF61D00C9924E /* LaunchScreen.storyboard */,
				C70FB10825BEF61D00C9924E /* Info.plist */,
			);
			path = Source;
			sourceTree = "<group>";
		};
		18E853BD2925EF2500EDCE2A /* Resource */ = {
			isa = PBXGroup;
			children = (
				18E853C12925EF8200EDCE2A /* Extensions */,
				18E853BE2925EF5E00EDCE2A /* Model */,
				18E853BF2925EF6900EDCE2A /* View */,
				18E853C02925EF6C00EDCE2A /* Controller */,
			);
			path = Resource;
			sourceTree = "<group>";
		};
		18E853BE2925EF5E00EDCE2A /* Model */ = {
			isa = PBXGroup;
			children = (
				18F503FF294084B300BD444F /* Checker */,
				18E853C52925EFAE00EDCE2A /* Networking */,
			);
			path = Model;
			sourceTree = "<group>";
		};
		18E853BF2925EF6900EDCE2A /* View */ = {
			isa = PBXGroup;
			children = (
				18981928293A3705000E43DC /* RegisterProductCollectionView */,
				185EA4D5292DE640004B4545 /* ProductCollectionView */,
			);
			path = View;
			sourceTree = "<group>";
		};
		18E853C02925EF6C00EDCE2A /* Controller */ = {
			isa = PBXGroup;
			children = (
				C70FB0FE25BEF61C00C9924E /* ProductsViewController.swift */,
				FC9A12A02939D606004A4C7E /* RegisterProductViewController.swift */,
			);
			path = Controller;
			sourceTree = "<group>";
		};
		18E853C12925EF8200EDCE2A /* Extensions */ = {
			isa = PBXGroup;
			children = (
				18F503F72940663900BD444F /* Common */,
				18E853C42925EFA400EDCE2A /* Networking */,
			);
			path = Extensions;
			sourceTree = "<group>";
		};
		18E853C42925EFA400EDCE2A /* Networking */ = {
			isa = PBXGroup;
			children = (
				18E853C22925EF8B00EDCE2A /* Dictionary+.swift */,
				18E3B684292B6C2C00B25B84 /* Mockable+.swift */,
				189123832939E20700FD5690 /* NSMutableData +.swift */,
			);
			path = Networking;
			sourceTree = "<group>";
		};
		18E853C52925EFAE00EDCE2A /* Networking */ = {
			isa = PBXGroup;
			children = (
				18E853C62925EFE200EDCE2A /* APIType.swift */,
				18509BF92924B90100C6B9AC /* NetworkManager.swift */,
				189123802939E1D300FD5690 /* Common */,
				18E853CB2925F04300EDCE2A /* DTO */,
				18E853C82925EFFC00EDCE2A /* NetworkTypes */,
				18E853CC2925F10800EDCE2A /* NetworkError.swift */,
				18F503FA294066D900BD444F /* HttpBodyConvertible.swift */,
			);
			path = Networking;
			sourceTree = "<group>";
		};
		18E853C82925EFFC00EDCE2A /* NetworkTypes */ = {
			isa = PBXGroup;
			children = (
				18E853C92925F01800EDCE2A /* OpenMarketAPI.swift */,
			);
			path = NetworkTypes;
			sourceTree = "<group>";
		};
		18E853CB2925F04300EDCE2A /* DTO */ = {
			isa = PBXGroup;
			children = (
				F683945A29223B91001BCCBC /* ProductListResponse.swift */,
				F683945C29223D14001BCCBC /* Product.swift */,
				F683946029223E11001BCCBC /* Currency.swift */,
			);
			path = DTO;
			sourceTree = "<group>";
		};
		18F503F72940663900BD444F /* Common */ = {
			isa = PBXGroup;
			children = (
				18F503F82940664200BD444F /* UIImage.swift */,
				FCE0E00F2940885E00CBB800 /* UITextField.swift */,
				FCE0E01129408DE900CBB800 /* UITextView.swift */,
				FCE0E0132940904600CBB800 /* UIStackView.swift */,
			);
			path = Common;
			sourceTree = "<group>";
		};
		18F503FF294084B300BD444F /* Checker */ = {
			isa = PBXGroup;
			children = (
				18F50400294085A100BD444F /* Common */,
				18F503FC2940848400BD444F /* RegisterProductChecker.swift */,
			);
			path = Checker;
			sourceTree = "<group>";
		};
		18F50400294085A100BD444F /* Common */ = {
			isa = PBXGroup;
			children = (
				18F50401294085A900BD444F /* RegisterError.swift */,
			);
			path = Common;
			sourceTree = "<group>";
		};
		C70FB0EE25BEF61C00C9924E = {
			isa = PBXGroup;
			children = (
				C70FB0F925BEF61C00C9924E /* OpenMarket */,
				FCE9055F29236CAE0031F857 /* NetworkUnitTest */,
				C70FB0F825BEF61C00C9924E /* Products */,
			);
			sourceTree = "<group>";
		};
		C70FB0F825BEF61C00C9924E /* Products */ = {
			isa = PBXGroup;
			children = (
				C70FB0F725BEF61C00C9924E /* OpenMarket.app */,
				FCE9055E29236CAE0031F857 /* NetworkUnitTest.xctest */,
			);
			name = Products;
			sourceTree = "<group>";
		};
		C70FB0F925BEF61C00C9924E /* OpenMarket */ = {
			isa = PBXGroup;
			children = (
				18E853BB2925EEDA00EDCE2A /* Source */,
				18E853BD2925EF2500EDCE2A /* Resource */,
			);
			path = OpenMarket;
			sourceTree = "<group>";
		};
		F6833682292733B200ADB02B /* TestDouble */ = {
			isa = PBXGroup;
			children = (
				F6833683292733C900ADB02B /* URLSessionProtocol.swift */,
				F6833685292733E800ADB02B /* StubURLSession.swift */,
			);
			path = TestDouble;
			sourceTree = "<group>";
		};
		FCE9055F29236CAE0031F857 /* NetworkUnitTest */ = {
			isa = PBXGroup;
			children = (
				FCE9056029236CAE0031F857 /* NetworkUnitTest.swift */,
			);
			path = NetworkUnitTest;
			sourceTree = "<group>";
		};
/* End PBXGroup section */

/* Begin PBXNativeTarget section */
		C70FB0F625BEF61C00C9924E /* OpenMarket */ = {
			isa = PBXNativeTarget;
			buildConfigurationList = C70FB10B25BEF61D00C9924E /* Build configuration list for PBXNativeTarget "OpenMarket" */;
			buildPhases = (
				C70FB0F325BEF61C00C9924E /* Sources */,
				C70FB0F425BEF61C00C9924E /* Frameworks */,
				C70FB0F525BEF61C00C9924E /* Resources */,
			);
			buildRules = (
			);
			dependencies = (
			);
			name = OpenMarket;
			productName = OpenMarket;
			productReference = C70FB0F725BEF61C00C9924E /* OpenMarket.app */;
			productType = "com.apple.product-type.application";
		};
		FCE9055D29236CAE0031F857 /* NetworkUnitTest */ = {
			isa = PBXNativeTarget;
			buildConfigurationList = FCE9056629236CAE0031F857 /* Build configuration list for PBXNativeTarget "NetworkUnitTest" */;
			buildPhases = (
				FCE9055A29236CAE0031F857 /* Sources */,
				FCE9055B29236CAE0031F857 /* Frameworks */,
				FCE9055C29236CAE0031F857 /* Resources */,
			);
			buildRules = (
			);
			dependencies = (
				FCE9056329236CAE0031F857 /* PBXTargetDependency */,
			);
			name = NetworkUnitTest;
			productName = NetworkUnitTest;
			productReference = FCE9055E29236CAE0031F857 /* NetworkUnitTest.xctest */;
			productType = "com.apple.product-type.bundle.unit-test";
		};
/* End PBXNativeTarget section */

/* Begin PBXProject section */
		C70FB0EF25BEF61C00C9924E /* Project object */ = {
			isa = PBXProject;
			attributes = {
				LastSwiftUpdateCheck = 1340;
				LastUpgradeCheck = 1230;
				TargetAttributes = {
					C70FB0F625BEF61C00C9924E = {
						CreatedOnToolsVersion = 12.3;
					};
					FCE9055D29236CAE0031F857 = {
						CreatedOnToolsVersion = 13.4.1;
						TestTargetID = C70FB0F625BEF61C00C9924E;
					};
				};
			};
			buildConfigurationList = C70FB0F225BEF61C00C9924E /* Build configuration list for PBXProject "OpenMarket" */;
			compatibilityVersion = "Xcode 9.3";
			developmentRegion = en;
			hasScannedForEncodings = 0;
			knownRegions = (
				en,
				Base,
			);
			mainGroup = C70FB0EE25BEF61C00C9924E;
			productRefGroup = C70FB0F825BEF61C00C9924E /* Products */;
			projectDirPath = "";
			projectRoot = "";
			targets = (
				C70FB0F625BEF61C00C9924E /* OpenMarket */,
				FCE9055D29236CAE0031F857 /* NetworkUnitTest */,
			);
		};
/* End PBXProject section */

/* Begin PBXResourcesBuildPhase section */
		C70FB0F525BEF61C00C9924E /* Resources */ = {
			isa = PBXResourcesBuildPhase;
			buildActionMask = 2147483647;
			files = (
				C70FB10725BEF61D00C9924E /* LaunchScreen.storyboard in Resources */,
				C70FB10425BEF61D00C9924E /* Assets.xcassets in Resources */,
			);
			runOnlyForDeploymentPostprocessing = 0;
		};
		FCE9055C29236CAE0031F857 /* Resources */ = {
			isa = PBXResourcesBuildPhase;
			buildActionMask = 2147483647;
			files = (
			);
			runOnlyForDeploymentPostprocessing = 0;
		};
/* End PBXResourcesBuildPhase section */

/* Begin PBXSourcesBuildPhase section */
		C70FB0F325BEF61C00C9924E /* Sources */ = {
			isa = PBXSourcesBuildPhase;
			buildActionMask = 2147483647;
			files = (
				FCBEE6302934C517005D74F7 /* ProductListItemCell.swift in Sources */,
				18F503FB294066D900BD444F /* HttpBodyConvertible.swift in Sources */,
				1898192A293A371C000E43DC /* RegisterCollectionImageCell.swift in Sources */,
				F6833684292733C900ADB02B /* URLSessionProtocol.swift in Sources */,
				18F503FD2940848400BD444F /* RegisterProductChecker.swift in Sources */,
				F6833686292733E800ADB02B /* StubURLSession.swift in Sources */,
				FCBEE6322934C547005D74F7 /* ProductGridItemCell.swift in Sources */,
				FCE0E0142940904600CBB800 /* UIStackView.swift in Sources */,
				FCE0E01229408DE900CBB800 /* UITextView.swift in Sources */,
				F683946129223E11001BCCBC /* Currency.swift in Sources */,
				FC9A12A12939D606004A4C7E /* RegisterProductViewController.swift in Sources */,
				18E3B685292B6C2C00B25B84 /* Mockable+.swift in Sources */,
				189123882939E28800FD5690 /* HTTPBody.swift in Sources */,
				18F503F92940664200BD444F /* UIImage.swift in Sources */,
				F683945B29223B91001BCCBC /* ProductListResponse.swift in Sources */,
				189123822939E1DD00FD5690 /* PostParameter.swift in Sources */,
				189123862939E27A00FD5690 /* HTTPMethod.swift in Sources */,
				C70FB0FF25BEF61C00C9924E /* ProductsViewController.swift in Sources */,
				18509BFA2924B90100C6B9AC /* NetworkManager.swift in Sources */,
				18F50402294085A900BD444F /* RegisterError.swift in Sources */,
				F683945D29223D14001BCCBC /* Product.swift in Sources */,
				18E853C32925EF8B00EDCE2A /* Dictionary+.swift in Sources */,
				C70FB0FB25BEF61C00C9924E /* AppDelegate.swift in Sources */,
				18E853C72925EFE200EDCE2A /* APIType.swift in Sources */,
				18E853CA2925F01800EDCE2A /* OpenMarketAPI.swift in Sources */,
				FCE0E0102940885E00CBB800 /* UITextField.swift in Sources */,
				18E853CD2925F10800EDCE2A /* NetworkError.swift in Sources */,
				C70FB0FD25BEF61C00C9924E /* SceneDelegate.swift in Sources */,
				189123842939E20700FD5690 /* NSMutableData +.swift in Sources */,
				185EA4D7292DE652004B4545 /* ProductItemCellContent.swift in Sources */,
			);
			runOnlyForDeploymentPostprocessing = 0;
		};
		FCE9055A29236CAE0031F857 /* Sources */ = {
			isa = PBXSourcesBuildPhase;
			buildActionMask = 2147483647;
			files = (
				FCE9056129236CAE0031F857 /* NetworkUnitTest.swift in Sources */,
			);
			runOnlyForDeploymentPostprocessing = 0;
		};
/* End PBXSourcesBuildPhase section */

/* Begin PBXTargetDependency section */
		FCE9056329236CAE0031F857 /* PBXTargetDependency */ = {
			isa = PBXTargetDependency;
			target = C70FB0F625BEF61C00C9924E /* OpenMarket */;
			targetProxy = FCE9056229236CAE0031F857 /* PBXContainerItemProxy */;
		};
/* End PBXTargetDependency section */

/* Begin PBXVariantGroup section */
		C70FB10525BEF61D00C9924E /* LaunchScreen.storyboard */ = {
			isa = PBXVariantGroup;
			children = (
				C70FB10625BEF61D00C9924E /* Base */,
			);
			name = LaunchScreen.storyboard;
			sourceTree = "<group>";
		};
/* End PBXVariantGroup section */

/* Begin XCBuildConfiguration section */
		C70FB10925BEF61D00C9924E /* Debug */ = {
			isa = XCBuildConfiguration;
			buildSettings = {
				ALWAYS_SEARCH_USER_PATHS = NO;
				CLANG_ANALYZER_NONNULL = YES;
				CLANG_ANALYZER_NUMBER_OBJECT_CONVERSION = YES_AGGRESSIVE;
				CLANG_CXX_LANGUAGE_STANDARD = "gnu++14";
				CLANG_CXX_LIBRARY = "libc++";
				CLANG_ENABLE_MODULES = YES;
				CLANG_ENABLE_OBJC_ARC = YES;
				CLANG_ENABLE_OBJC_WEAK = YES;
				CLANG_WARN_BLOCK_CAPTURE_AUTORELEASING = YES;
				CLANG_WARN_BOOL_CONVERSION = YES;
				CLANG_WARN_COMMA = YES;
				CLANG_WARN_CONSTANT_CONVERSION = YES;
				CLANG_WARN_DEPRECATED_OBJC_IMPLEMENTATIONS = YES;
				CLANG_WARN_DIRECT_OBJC_ISA_USAGE = YES_ERROR;
				CLANG_WARN_DOCUMENTATION_COMMENTS = YES;
				CLANG_WARN_EMPTY_BODY = YES;
				CLANG_WARN_ENUM_CONVERSION = YES;
				CLANG_WARN_INFINITE_RECURSION = YES;
				CLANG_WARN_INT_CONVERSION = YES;
				CLANG_WARN_NON_LITERAL_NULL_CONVERSION = YES;
				CLANG_WARN_OBJC_IMPLICIT_RETAIN_SELF = YES;
				CLANG_WARN_OBJC_LITERAL_CONVERSION = YES;
				CLANG_WARN_OBJC_ROOT_CLASS = YES_ERROR;
				CLANG_WARN_QUOTED_INCLUDE_IN_FRAMEWORK_HEADER = YES;
				CLANG_WARN_RANGE_LOOP_ANALYSIS = YES;
				CLANG_WARN_STRICT_PROTOTYPES = YES;
				CLANG_WARN_SUSPICIOUS_MOVE = YES;
				CLANG_WARN_UNGUARDED_AVAILABILITY = YES_AGGRESSIVE;
				CLANG_WARN_UNREACHABLE_CODE = YES;
				CLANG_WARN__DUPLICATE_METHOD_MATCH = YES;
				COPY_PHASE_STRIP = NO;
				DEBUG_INFORMATION_FORMAT = dwarf;
				ENABLE_STRICT_OBJC_MSGSEND = YES;
				ENABLE_TESTABILITY = YES;
				GCC_C_LANGUAGE_STANDARD = gnu11;
				GCC_DYNAMIC_NO_PIC = NO;
				GCC_NO_COMMON_BLOCKS = YES;
				GCC_OPTIMIZATION_LEVEL = 0;
				GCC_PREPROCESSOR_DEFINITIONS = (
					"DEBUG=1",
					"$(inherited)",
				);
				GCC_WARN_64_TO_32_BIT_CONVERSION = YES;
				GCC_WARN_ABOUT_RETURN_TYPE = YES_ERROR;
				GCC_WARN_UNDECLARED_SELECTOR = YES;
				GCC_WARN_UNINITIALIZED_AUTOS = YES_AGGRESSIVE;
				GCC_WARN_UNUSED_FUNCTION = YES;
				GCC_WARN_UNUSED_VARIABLE = YES;
				IPHONEOS_DEPLOYMENT_TARGET = 14.0;
				MTL_ENABLE_DEBUG_INFO = INCLUDE_SOURCE;
				MTL_FAST_MATH = YES;
				ONLY_ACTIVE_ARCH = YES;
				SDKROOT = iphoneos;
				SWIFT_ACTIVE_COMPILATION_CONDITIONS = DEBUG;
				SWIFT_OPTIMIZATION_LEVEL = "-Onone";
			};
			name = Debug;
		};
		C70FB10A25BEF61D00C9924E /* Release */ = {
			isa = XCBuildConfiguration;
			buildSettings = {
				ALWAYS_SEARCH_USER_PATHS = NO;
				CLANG_ANALYZER_NONNULL = YES;
				CLANG_ANALYZER_NUMBER_OBJECT_CONVERSION = YES_AGGRESSIVE;
				CLANG_CXX_LANGUAGE_STANDARD = "gnu++14";
				CLANG_CXX_LIBRARY = "libc++";
				CLANG_ENABLE_MODULES = YES;
				CLANG_ENABLE_OBJC_ARC = YES;
				CLANG_ENABLE_OBJC_WEAK = YES;
				CLANG_WARN_BLOCK_CAPTURE_AUTORELEASING = YES;
				CLANG_WARN_BOOL_CONVERSION = YES;
				CLANG_WARN_COMMA = YES;
				CLANG_WARN_CONSTANT_CONVERSION = YES;
				CLANG_WARN_DEPRECATED_OBJC_IMPLEMENTATIONS = YES;
				CLANG_WARN_DIRECT_OBJC_ISA_USAGE = YES_ERROR;
				CLANG_WARN_DOCUMENTATION_COMMENTS = YES;
				CLANG_WARN_EMPTY_BODY = YES;
				CLANG_WARN_ENUM_CONVERSION = YES;
				CLANG_WARN_INFINITE_RECURSION = YES;
				CLANG_WARN_INT_CONVERSION = YES;
				CLANG_WARN_NON_LITERAL_NULL_CONVERSION = YES;
				CLANG_WARN_OBJC_IMPLICIT_RETAIN_SELF = YES;
				CLANG_WARN_OBJC_LITERAL_CONVERSION = YES;
				CLANG_WARN_OBJC_ROOT_CLASS = YES_ERROR;
				CLANG_WARN_QUOTED_INCLUDE_IN_FRAMEWORK_HEADER = YES;
				CLANG_WARN_RANGE_LOOP_ANALYSIS = YES;
				CLANG_WARN_STRICT_PROTOTYPES = YES;
				CLANG_WARN_SUSPICIOUS_MOVE = YES;
				CLANG_WARN_UNGUARDED_AVAILABILITY = YES_AGGRESSIVE;
				CLANG_WARN_UNREACHABLE_CODE = YES;
				CLANG_WARN__DUPLICATE_METHOD_MATCH = YES;
				COPY_PHASE_STRIP = NO;
				DEBUG_INFORMATION_FORMAT = "dwarf-with-dsym";
				ENABLE_NS_ASSERTIONS = NO;
				ENABLE_STRICT_OBJC_MSGSEND = YES;
				GCC_C_LANGUAGE_STANDARD = gnu11;
				GCC_NO_COMMON_BLOCKS = YES;
				GCC_WARN_64_TO_32_BIT_CONVERSION = YES;
				GCC_WARN_ABOUT_RETURN_TYPE = YES_ERROR;
				GCC_WARN_UNDECLARED_SELECTOR = YES;
				GCC_WARN_UNINITIALIZED_AUTOS = YES_AGGRESSIVE;
				GCC_WARN_UNUSED_FUNCTION = YES;
				GCC_WARN_UNUSED_VARIABLE = YES;
				IPHONEOS_DEPLOYMENT_TARGET = 14.0;
				MTL_ENABLE_DEBUG_INFO = NO;
				MTL_FAST_MATH = YES;
				SDKROOT = iphoneos;
				SWIFT_COMPILATION_MODE = wholemodule;
				SWIFT_OPTIMIZATION_LEVEL = "-O";
				VALIDATE_PRODUCT = YES;
			};
			name = Release;
		};
		C70FB10C25BEF61D00C9924E /* Debug */ = {
			isa = XCBuildConfiguration;
			buildSettings = {
				ASSETCATALOG_COMPILER_APPICON_NAME = AppIcon;
				ASSETCATALOG_COMPILER_GLOBAL_ACCENT_COLOR_NAME = AccentColor;
				CODE_SIGN_STYLE = Automatic;
				INFOPLIST_FILE = OpenMarket/Source/Info.plist;
				IPHONEOS_DEPLOYMENT_TARGET = 14.0;
				LD_RUNPATH_SEARCH_PATHS = (
					"$(inherited)",
					"@executable_path/Frameworks",
				);
				PRODUCT_BUNDLE_IDENTIFIER = net.yagom.OpenMarket;
				PRODUCT_NAME = "$(TARGET_NAME)";
				SWIFT_VERSION = 5.0;
				TARGETED_DEVICE_FAMILY = "1,2";
			};
			name = Debug;
		};
		C70FB10D25BEF61D00C9924E /* Release */ = {
			isa = XCBuildConfiguration;
			buildSettings = {
				ASSETCATALOG_COMPILER_APPICON_NAME = AppIcon;
				ASSETCATALOG_COMPILER_GLOBAL_ACCENT_COLOR_NAME = AccentColor;
				CODE_SIGN_STYLE = Automatic;
				INFOPLIST_FILE = OpenMarket/Source/Info.plist;
				IPHONEOS_DEPLOYMENT_TARGET = 14.0;
				LD_RUNPATH_SEARCH_PATHS = (
					"$(inherited)",
					"@executable_path/Frameworks",
				);
				PRODUCT_BUNDLE_IDENTIFIER = net.yagom.OpenMarket;
				PRODUCT_NAME = "$(TARGET_NAME)";
				SWIFT_VERSION = 5.0;
				TARGETED_DEVICE_FAMILY = "1,2";
			};
			name = Release;
		};
		FCE9056429236CAE0031F857 /* Debug */ = {
			isa = XCBuildConfiguration;
			buildSettings = {
				BUNDLE_LOADER = "$(TEST_HOST)";
				CLANG_CXX_LANGUAGE_STANDARD = "gnu++17";
				CODE_SIGN_STYLE = Automatic;
				CURRENT_PROJECT_VERSION = 1;
				GENERATE_INFOPLIST_FILE = YES;
				IPHONEOS_DEPLOYMENT_TARGET = 15.5;
				MARKETING_VERSION = 1.0;
				PRODUCT_BUNDLE_IDENTIFIER = nothing.NetworkUnitTest;
				PRODUCT_NAME = "$(TARGET_NAME)";
				SWIFT_EMIT_LOC_STRINGS = NO;
				SWIFT_VERSION = 5.0;
				TARGETED_DEVICE_FAMILY = "1,2";
				TEST_HOST = "$(BUILT_PRODUCTS_DIR)/OpenMarket.app/OpenMarket";
			};
			name = Debug;
		};
		FCE9056529236CAE0031F857 /* Release */ = {
			isa = XCBuildConfiguration;
			buildSettings = {
				BUNDLE_LOADER = "$(TEST_HOST)";
				CLANG_CXX_LANGUAGE_STANDARD = "gnu++17";
				CODE_SIGN_STYLE = Automatic;
				CURRENT_PROJECT_VERSION = 1;
				GENERATE_INFOPLIST_FILE = YES;
				IPHONEOS_DEPLOYMENT_TARGET = 15.5;
				MARKETING_VERSION = 1.0;
				PRODUCT_BUNDLE_IDENTIFIER = nothing.NetworkUnitTest;
				PRODUCT_NAME = "$(TARGET_NAME)";
				SWIFT_EMIT_LOC_STRINGS = NO;
				SWIFT_VERSION = 5.0;
				TARGETED_DEVICE_FAMILY = "1,2";
				TEST_HOST = "$(BUILT_PRODUCTS_DIR)/OpenMarket.app/OpenMarket";
			};
			name = Release;
		};
/* End XCBuildConfiguration section */

/* Begin XCConfigurationList section */
		C70FB0F225BEF61C00C9924E /* Build configuration list for PBXProject "OpenMarket" */ = {
			isa = XCConfigurationList;
			buildConfigurations = (
				C70FB10925BEF61D00C9924E /* Debug */,
				C70FB10A25BEF61D00C9924E /* Release */,
			);
			defaultConfigurationIsVisible = 0;
			defaultConfigurationName = Release;
		};
		C70FB10B25BEF61D00C9924E /* Build configuration list for PBXNativeTarget "OpenMarket" */ = {
			isa = XCConfigurationList;
			buildConfigurations = (
				C70FB10C25BEF61D00C9924E /* Debug */,
				C70FB10D25BEF61D00C9924E /* Release */,
			);
			defaultConfigurationIsVisible = 0;
			defaultConfigurationName = Release;
		};
		FCE9056629236CAE0031F857 /* Build configuration list for PBXNativeTarget "NetworkUnitTest" */ = {
			isa = XCConfigurationList;
			buildConfigurations = (
				FCE9056429236CAE0031F857 /* Debug */,
				FCE9056529236CAE0031F857 /* Release */,
			);
			defaultConfigurationIsVisible = 0;
			defaultConfigurationName = Release;
		};
/* End XCConfigurationList section */
	};
	rootObject = C70FB0EF25BEF61C00C9924E /* Project object */;
}
